
Microsoft Visual Studio Solution File, Format Version 12.00
# Visual Studio 15
VisualStudioVersion = 15.0.28307.168
MinimumVisualStudioVersion = 10.0.40219.1
Project("{9A19103F-16F7-4668-BE54-9A1E7A4F7556}") = "Typescript-React-Project", "Typescript-React-Project\Typescript-React-Project.csproj", "{C2E052E7-7BB7-4FBC-8378-6B1457E98864}"
EndProject
Global
	GlobalSection(SolutionConfigurationPlatforms) = preSolution
		Debug|Any CPU = Debug|Any CPU
		Release|Any CPU = Release|Any CPU
	EndGlobalSection
	GlobalSection(ProjectConfigurationPlatforms) = postSolution
		{C2E052E7-7BB7-4FBC-8378-6B1457E98864}.Debug|Any CPU.ActiveCfg = Debug|Any CPU
		{C2E052E7-7BB7-4FBC-8378-6B1457E98864}.Debug|Any CPU.Build.0 = Debug|Any CPU
		{C2E052E7-7BB7-4FBC-8378-6B1457E98864}.Release|Any CPU.ActiveCfg = Release|Any CPU
		{C2E052E7-7BB7-4FBC-8378-6B1457E98864}.Release|Any CPU.Build.0 = Release|Any CPU
	EndGlobalSection
	GlobalSection(SolutionProperties) = preSolution
		HideSolutionNode = FALSE
	EndGlobalSection
	GlobalSection(ExtensibilityGlobals) = postSolution
		SolutionGuid = {117772CC-A774-4ACB-8ACE-3883CA2A801C}
	EndGlobalSection
EndGlobal
